
Microsoft Visual Studio Solution File, Format Version 12.00
# Visual Studio Version 17
VisualStudioVersion = 17.2.32519.379
MinimumVisualStudioVersion = 10.0.40219.1
Project("{9A19103F-16F7-4668-BE54-9A1E7A4F7556}") = "MartinKearnTestNuget.Tests", "MartinKearnTestNuget.Tests\MartinKearnTestNuget.Tests.csproj", "{6F07D518-1FDC-48C9-8C81-E14FFC4F1799}"
EndProject
Project("{9A19103F-16F7-4668-BE54-9A1E7A4F7556}") = "MartinKearnTestNuget", "MartinKearnTestNuget\MartinKearnTestNuget.csproj", "{B0BB94A4-E27D-49FA-97F2-70A98026C650}"
EndProject
Global
	GlobalSection(SolutionConfigurationPlatforms) = preSolution
		Debug|Any CPU = Debug|Any CPU
		Release|Any CPU = Release|Any CPU
	EndGlobalSection
	GlobalSection(ProjectConfigurationPlatforms) = postSolution
		{6F07D518-1FDC-48C9-8C81-E14FFC4F1799}.Debug|Any CPU.ActiveCfg = Debug|Any CPU
		{6F07D518-1FDC-48C9-8C81-E14FFC4F1799}.Debug|Any CPU.Build.0 = Debug|Any CPU
		{6F07D518-1FDC-48C9-8C81-E14FFC4F1799}.Release|Any CPU.ActiveCfg = Release|Any CPU
		{6F07D518-1FDC-48C9-8C81-E14FFC4F1799}.Release|Any CPU.Build.0 = Release|Any CPU
		{B0BB94A4-E27D-49FA-97F2-70A98026C650}.Debug|Any CPU.ActiveCfg = Debug|Any CPU
		{B0BB94A4-E27D-49FA-97F2-70A98026C650}.Debug|Any CPU.Build.0 = Debug|Any CPU
		{B0BB94A4-E27D-49FA-97F2-70A98026C650}.Release|Any CPU.ActiveCfg = Release|Any CPU
		{B0BB94A4-E27D-49FA-97F2-70A98026C650}.Release|Any CPU.Build.0 = Release|Any CPU
	EndGlobalSection
	GlobalSection(SolutionProperties) = preSolution
		HideSolutionNode = FALSE
	EndGlobalSection
	GlobalSection(ExtensibilityGlobals) = postSolution
		SolutionGuid = {FBBF5D14-E4E1-4AA4-BD75-F8BD3E804156}
	EndGlobalSection
EndGlobal
